{
  "name": "6-d3.js-not-only-visualization",
  "version": "1.0.0",
  "lockfileVersion": 2,
  "requires": true,
  "packages": {
    "": {
      "name": "6-d3.js-not-only-visualization",
      "version": "1.0.0",
      "license": "ISC",
      "dependencies": {
        "d3": "^6.7.0"
      }
    },
    "node_modules/commander": {
      "version": "2.20.3",
      "resolved": "https://registry.nlark.com/commander/download/commander-2.20.3.tgz?cache=0&sync_timestamp=1621726670324&other_urls=https%3A%2F%2Fregistry.nlark.com%2Fcommander%2Fdownload%2Fcommander-2.20.3.tgz",
      "integrity": "sha1-/UhehMA+tIgcIHIrpIA16FMa6zM="
    },
    "node_modules/d3": {
      "version": "6.7.0",
      "resolved": "https://registry.npm.taobao.org/d3/download/d3-6.7.0.tgz",
      "integrity": "sha1-raxFhZe0osr+jgjPMJSK8Mlc1h8=",
      "dependencies": {
        "d3-array": "2",
        "d3-axis": "2",
        "d3-brush": "2",
        "d3-chord": "2",
        "d3-color": "2",
        "d3-contour": "2",
        "d3-delaunay": "5",
        "d3-dispatch": "2",
        "d3-drag": "2",
        "d3-dsv": "2",
        "d3-ease": "2",
        "d3-fetch": "2",
        "d3-force": "2",
        "d3-format": "2",
        "d3-geo": "2",
        "d3-hierarchy": "2",
        "d3-interpolate": "2",
        "d3-path": "2",
        "d3-polygon": "2",
        "d3-quadtree": "2",
        "d3-random": "2",
        "d3-scale": "3",
        "d3-scale-chromatic": "2",
        "d3-selection": "2",
        "d3-shape": "2",
        "d3-time": "2",
        "d3-time-format": "3",
        "d3-timer": "2",
        "d3-transition": "2",
        "d3-zoom": "2"
      }
    },
    "node_modules/d3-array": {
      "version": "2.12.1",
      "resolved": "https://registry.npm.taobao.org/d3-array/download/d3-array-2.12.1.tgz?cache=0&sync_timestamp=1616606696545&other_urls=https%3A%2F%2Fregistry.npm.taobao.org%2Fd3-array%2Fdownload%2Fd3-array-2.12.1.tgz",
      "integrity": "sha1-4gtBqvzf/fXVCSgATs7PgVpGXoE=",
      "dependencies": {
        "internmap": "^1.0.0"
      }
    },
    "node_modules/d3-axis": {
      "version": "2.1.0",
      "resolved": "https://registry.npm.taobao.org/d3-axis/download/d3-axis-2.1.0.tgz?cache=0&sync_timestamp=1615425139622&other_urls=https%3A%2F%2Fregistry.npm.taobao.org%2Fd3-axis%2Fdownload%2Fd3-axis-2.1.0.tgz",
      "integrity": "sha1-l421NAknERF9Ay+tXXM9IGMH9qA="
    },
    "node_modules/d3-brush": {
      "version": "2.1.0",
      "resolved": "https://registry.npm.taobao.org/d3-brush/download/d3-brush-2.1.0.tgz",
      "integrity": "sha1-ra37sQTok3rxQumm4gKDJvBHEGU=",
      "dependencies": {
        "d3-dispatch": "1 - 2",
        "d3-drag": "2",
        "d3-interpolate": "1 - 2",
        "d3-selection": "2",
        "d3-transition": "2"
      }
    },
    "node_modules/d3-chord": {
      "version": "2.0.0",
      "resolved": "https://registry.npm.taobao.org/d3-chord/download/d3-chord-2.0.0.tgz",
      "integrity": "sha1-MkkbVmU5EYBWD3OOXBzNHjxH664=",
      "dependencies": {
        "d3-path": "1 - 2"
      }
    },
    "node_modules/d3-color": {
      "version": "2.0.0",
      "resolved": "https://registry.npm.taobao.org/d3-color/download/d3-color-2.0.0.tgz",
      "integrity": "sha1-jWJcq0Ltm49gGhdgo4n36pGJ1i4="
    },
    "node_modules/d3-contour": {
      "version": "2.0.0",
      "resolved": "https://registry.npm.taobao.org/d3-contour/download/d3-contour-2.0.0.tgz",
      "integrity": "sha1-gO6DSYhWPjvqnZnd3nLA+MCJ6kA=",
      "dependencies": {
        "d3-array": "2"
      }
    },
    "node_modules/d3-delaunay": {
      "version": "5.3.0",
      "resolved": "https://registry.npm.taobao.org/d3-delaunay/download/d3-delaunay-5.3.0.tgz",
      "integrity": "sha1-tH8Fw4+FSk57POqA4LsS5XOYdy0=",
      "dependencies": {
        "delaunator": "4"
      }
    },
    "node_modules/d3-dispatch": {
      "version": "2.0.0",
      "resolved": "https://registry.npm.taobao.org/d3-dispatch/download/d3-dispatch-2.0.0.tgz",
      "integrity": "sha1-ihjhb3bdP8rvQhY8l7kmqptV588="
    },
    "node_modules/d3-drag": {
      "version": "2.0.0",
      "resolved": "https://registry.npm.taobao.org/d3-drag/download/d3-drag-2.0.0.tgz",
      "integrity": "sha1-nq8EbOntHCXIhmGRHB1aTY636m0=",
      "dependencies": {
        "d3-dispatch": "1 - 2",
        "d3-selection": "2"
      }
    },
    "node_modules/d3-dsv": {
      "version": "2.0.0",
      "resolved": "https://registry.npm.taobao.org/d3-dsv/download/d3-dsv-2.0.0.tgz",
      "integrity": "sha1-s3sZS230LaUToSDZE60b4itf58U=",
      "dependencies": {
        "commander": "2",
        "iconv-lite": "0.4",
        "rw": "1"
      },
      "bin": {
        "csv2json": "bin/dsv2json",
        "csv2tsv": "bin/dsv2dsv",
        "dsv2dsv": "bin/dsv2dsv",
        "dsv2json": "bin/dsv2json",
        "json2csv": "bin/json2dsv",
        "json2dsv": "bin/json2dsv",
        "json2tsv": "bin/json2dsv",
        "tsv2csv": "bin/dsv2dsv",
        "tsv2json": "bin/dsv2json"
      }
    },
    "node_modules/d3-ease": {
      "version": "2.0.0",
      "resolved": "https://registry.npm.taobao.org/d3-ease/download/d3-ease-2.0.0.tgz",
      "integrity": "sha1-/Rdiv8oA2uS6zqUEsdYo/ykKxWM="
    },
    "node_modules/d3-fetch": {
      "version": "2.0.0",
      "resolved": "https://registry.npm.taobao.org/d3-fetch/download/d3-fetch-2.0.0.tgz?cache=0&sync_timestamp=1598198544757&other_urls=https%3A%2F%2Fregistry.npm.taobao.org%2Fd3-fetch%2Fdownload%2Fd3-fetch-2.0.0.tgz",
      "integrity": "sha1-7NfvISjZhHo7QbVI/sgJGNZFwGQ=",
      "dependencies": {
        "d3-dsv": "1 - 2"
      }
    },
    "node_modules/d3-force": {
      "version": "2.1.1",
      "resolved": "https://registry.npm.taobao.org/d3-force/download/d3-force-2.1.1.tgz",
      "integrity": "sha1-8gzL8ebJ6ArdGSbwm1H2hqi8CTc=",
      "dependencies": {
        "d3-dispatch": "1 - 2",
        "d3-quadtree": "1 - 2",
        "d3-timer": "1 - 2"
      }
    },
    "node_modules/d3-format": {
      "version": "2.0.0",
      "resolved": "https://registry.nlark.com/d3-format/download/d3-format-2.0.0.tgz",
      "integrity": "sha1-oQvMD5hsNytym6RHOCQTqr9bB2c="
    },
    "node_modules/d3-geo": {
      "version": "2.0.1",
      "resolved": "https://registry.nlark.com/d3-geo/download/d3-geo-2.0.1.tgz",
      "integrity": "sha1-JDf9/tP+OrooEr2PMGCcrIOn7jk=",
      "dependencies": {
        "d3-array": ">=2.5"
      }
    },
    "node_modules/d3-hierarchy": {
      "version": "2.0.0",
      "resolved": "https://registry.npm.taobao.org/d3-hierarchy/download/d3-hierarchy-2.0.0.tgz",
      "integrity": "sha1-2riKWMo+ehvGyrOQ6JZn/MbSAhg="
    },
    "node_modules/d3-interpolate": {
      "version": "2.0.1",
      "resolved": "https://registry.npm.taobao.org/d3-interpolate/download/d3-interpolate-2.0.1.tgz?cache=0&sync_timestamp=1598193842038&other_urls=https%3A%2F%2Fregistry.npm.taobao.org%2Fd3-interpolate%2Fdownload%2Fd3-interpolate-2.0.1.tgz",
      "integrity": "sha1-mL5JnPuKO5TU/2FpAFAaZKvJEWM=",
      "dependencies": {
        "d3-color": "1 - 2"
      }
    },
    "node_modules/d3-path": {
      "version": "2.0.0",
      "resolved": "https://registry.npm.taobao.org/d3-path/download/d3-path-2.0.0.tgz?cache=0&sync_timestamp=1597836666790&other_urls=https%3A%2F%2Fregistry.npm.taobao.org%2Fd3-path%2Fdownload%2Fd3-path-2.0.0.tgz",
      "integrity": "sha1-VdhqwTGgVIra4kHuv7VrRYLdCdg="
    },
    "node_modules/d3-polygon": {
      "version": "2.0.0",
      "resolved": "https://registry.npm.taobao.org/d3-polygon/download/d3-polygon-2.0.0.tgz?cache=0&sync_timestamp=1597826885336&other_urls=https%3A%2F%2Fregistry.npm.taobao.org%2Fd3-polygon%2Fdownload%2Fd3-polygon-2.0.0.tgz",
      "integrity": "sha1-E2CO8EL77GJboVmDJ1ZPA8A5bY4="
    },
    "node_modules/d3-quadtree": {
      "version": "2.0.0",
      "resolved": "https://registry.npm.taobao.org/d3-quadtree/download/d3-quadtree-2.0.0.tgz",
      "integrity": "sha1-7brQRc74hwH2/uOu6Ok/szLTD50="
    },
    "node_modules/d3-random": {
      "version": "2.2.2",
      "resolved": "https://registry.npm.taobao.org/d3-random/download/d3-random-2.2.2.tgz",
      "integrity": "sha1-XuvSCe9ORaKzYrAZwfshwsmMu24="
    },
    "node_modules/d3-scale": {
      "version": "3.3.0",
      "resolved": "https://registry.npm.taobao.org/d3-scale/download/d3-scale-3.3.0.tgz",
      "integrity": "sha1-KMYAsp9H5bnNLfl0nCBnJ5ZiA/M=",
      "dependencies": {
        "d3-array": "^2.3.0",
        "d3-format": "1 - 2",
        "d3-interpolate": "1.2.0 - 2",
        "d3-time": "^2.1.1",
        "d3-time-format": "2 - 3"
      }
    },
    "node_modules/d3-scale-chromatic": {
      "version": "2.0.0",
      "resolved": "https://registry.npm.taobao.org/d3-scale-chromatic/download/d3-scale-chromatic-2.0.0.tgz?cache=0&sync_timestamp=1598494821845&other_urls=https%3A%2F%2Fregistry.npm.taobao.org%2Fd3-scale-chromatic%2Fdownload%2Fd3-scale-chromatic-2.0.0.tgz",
      "integrity": "sha1-wT86+GaF/5EyPcLw69Lau9cti6s=",
      "dependencies": {
        "d3-color": "1 - 2",
        "d3-interpolate": "1 - 2"
      }
    },
    "node_modules/d3-selection": {
      "version": "2.0.0",
      "resolved": "https://registry.npm.taobao.org/d3-selection/download/d3-selection-2.0.0.tgz?cache=0&sync_timestamp=1598208513177&other_urls=https%3A%2F%2Fregistry.npm.taobao.org%2Fd3-selection%2Fdownload%2Fd3-selection-2.0.0.tgz",
      "integrity": "sha1-lKEWOOohQbdWX4g3gNq8fvamEGY="
    },
    "node_modules/d3-shape": {
      "version": "2.1.0",
      "resolved": "https://registry.npm.taobao.org/d3-shape/download/d3-shape-2.1.0.tgz",
      "integrity": "sha1-O2qCzK+8Rd5VtX/PlWxYTe07Zm8=",
      "dependencies": {
        "d3-path": "1 - 2"
      }
    },
    "node_modules/d3-time": {
      "version": "2.1.1",
      "resolved": "https://registry.npm.taobao.org/d3-time/download/d3-time-2.1.1.tgz",
      "integrity": "sha1-6dioqIaR9FSOaMoIXl/5VnJKZoI=",
      "dependencies": {
        "d3-array": "2"
      }
    },
    "node_modules/d3-time-format": {
      "version": "3.0.0",
      "resolved": "https://registry.npm.taobao.org/d3-time-format/download/d3-time-format-3.0.0.tgz",
      "integrity": "sha1-34BWyDZZ4B8grF2l/ernwI1fG7Y=",
      "dependencies": {
        "d3-time": "1 - 2"
      }
    },
    "node_modules/d3-timer": {
      "version": "2.0.0",
      "resolved": "https://registry.npm.taobao.org/d3-timer/download/d3-timer-2.0.0.tgz?cache=0&other_urls=https%3A%2F%2Fregistry.npm.taobao.org%2Fd3-timer%2Fdownload%2Fd3-timer-2.0.0.tgz",
      "integrity": "sha1-BV7bHRcM/jGrLaiWje7pQLVmI+Y="
    },
    "node_modules/d3-transition": {
      "version": "2.0.0",
      "resolved": "https://registry.npm.taobao.org/d3-transition/download/d3-transition-2.0.0.tgz",
      "integrity": "sha1-Nm73DCLviNHjQQX1B1FpkaKRyUw=",
      "dependencies": {
        "d3-color": "1 - 2",
        "d3-dispatch": "1 - 2",
        "d3-ease": "1 - 2",
        "d3-interpolate": "1 - 2",
        "d3-timer": "1 - 2"
      },
      "peerDependencies": {
        "d3-selection": "2"
      }
    },
    "node_modules/d3-zoom": {
      "version": "2.0.0",
      "resolved": "https://registry.nlark.com/d3-zoom/download/d3-zoom-2.0.0.tgz",
      "integrity": "sha1-8E0K/QVRi+zOh50EcJxH7Nk/ulQ=",
      "dependencies": {
        "d3-dispatch": "1 - 2",
        "d3-drag": "2",
        "d3-interpolate": "1 - 2",
        "d3-selection": "2",
        "d3-transition": "2"
      }
    },
    "node_modules/delaunator": {
      "version": "4.0.1",
      "resolved": "https://registry.npm.taobao.org/delaunator/download/delaunator-4.0.1.tgz",
      "integrity": "sha1-PXeWh/V5GaekGPirlH073baEaVc="
    },
    "node_modules/iconv-lite": {
      "version": "0.4.24",
      "resolved": "https://registry.nlark.com/iconv-lite/download/iconv-lite-0.4.24.tgz",
      "integrity": "sha1-ICK0sl+93CHS9SSXSkdKr+czkIs=",
      "dependencies": {
        "safer-buffer": ">= 2.1.2 < 3"
      },
      "engines": {
        "node": ">=0.10.0"
      }
    },
    "node_modules/internmap": {
      "version": "1.0.1",
      "resolved": "https://registry.npm.taobao.org/internmap/download/internmap-1.0.1.tgz",
      "integrity": "sha1-ABfMijuZYF8DAvKxmNJy4BXl35U="
    },
    "node_modules/rw": {
      "version": "1.3.3",
      "resolved": "https://registry.npm.taobao.org/rw/download/rw-1.3.3.tgz",
      "integrity": "sha1-P4Yt+pGrdmsUiF700BEkv9oHT7Q="
    },
    "node_modules/safer-buffer": {
      "version": "2.1.2",
      "resolved": "https://registry.npm.taobao.org/safer-buffer/download/safer-buffer-2.1.2.tgz",
      "integrity": "sha1-RPoWGwGHuVSd2Eu5GAL5vYOFzWo="
    }
  },
  "dependencies": {
    "commander": {
      "version": "2.20.3",
      "resolved": "https://registry.nlark.com/commander/download/commander-2.20.3.tgz?cache=0&sync_timestamp=1621726670324&other_urls=https%3A%2F%2Fregistry.nlark.com%2Fcommander%2Fdownload%2Fcommander-2.20.3.tgz",
      "integrity": "sha1-/UhehMA+tIgcIHIrpIA16FMa6zM="
    },
    "d3": {
      "version": "6.7.0",
      "resolved": "https://registry.npm.taobao.org/d3/download/d3-6.7.0.tgz",
      "integrity": "sha1-raxFhZe0osr+jgjPMJSK8Mlc1h8=",
      "requires": {
        "d3-array": "2",
        "d3-axis": "2",
        "d3-brush": "2",
        "d3-chord": "2",
        "d3-color": "2",
        "d3-contour": "2",
        "d3-delaunay": "5",
        "d3-dispatch": "2",
        "d3-drag": "2",
        "d3-dsv": "2",
        "d3-ease": "2",
        "d3-fetch": "2",
        "d3-force": "2",
        "d3-format": "2",
        "d3-geo": "2",
        "d3-hierarchy": "2",
        "d3-interpolate": "2",
        "d3-path": "2",
        "d3-polygon": "2",
        "d3-quadtree": "2",
        "d3-random": "2",
        "d3-scale": "3",
        "d3-scale-chromatic": "2",
        "d3-selection": "2",
        "d3-shape": "2",
        "d3-time": "2",
        "d3-time-format": "3",
        "d3-timer": "2",
        "d3-transition": "2",
        "d3-zoom": "2"
      }
    },
    "d3-array": {
      "version": "2.12.1",
      "resolved": "https://registry.npm.taobao.org/d3-array/download/d3-array-2.12.1.tgz?cache=0&sync_timestamp=1616606696545&other_urls=https%3A%2F%2Fregistry.npm.taobao.org%2Fd3-array%2Fdownload%2Fd3-array-2.12.1.tgz",
      "integrity": "sha1-4gtBqvzf/fXVCSgATs7PgVpGXoE=",
      "requires": {
        "internmap": "^1.0.0"
      }
    },
    "d3-axis": {
      "version": "2.1.0",
      "resolved": "https://registry.npm.taobao.org/d3-axis/download/d3-axis-2.1.0.tgz?cache=0&sync_timestamp=1615425139622&other_urls=https%3A%2F%2Fregistry.npm.taobao.org%2Fd3-axis%2Fdownload%2Fd3-axis-2.1.0.tgz",
      "integrity": "sha1-l421NAknERF9Ay+tXXM9IGMH9qA="
    },
    "d3-brush": {
      "version": "2.1.0",
      "resolved": "https://registry.npm.taobao.org/d3-brush/download/d3-brush-2.1.0.tgz",
      "integrity": "sha1-ra37sQTok3rxQumm4gKDJvBHEGU=",
      "requires": {
        "d3-dispatch": "1 - 2",
        "d3-drag": "2",
        "d3-interpolate": "1 - 2",
        "d3-selection": "2",
        "d3-transition": "2"
      }
    },
    "d3-chord": {
      "version": "2.0.0",
      "resolved": "https://registry.npm.taobao.org/d3-chord/download/d3-chord-2.0.0.tgz",
      "integrity": "sha1-MkkbVmU5EYBWD3OOXBzNHjxH664=",
      "requires": {
        "d3-path": "1 - 2"
      }
    },
    "d3-color": {
      "version": "2.0.0",
      "resolved": "https://registry.npm.taobao.org/d3-color/download/d3-color-2.0.0.tgz",
      "integrity": "sha1-jWJcq0Ltm49gGhdgo4n36pGJ1i4="
    },
    "d3-contour": {
      "version": "2.0.0",
      "resolved": "https://registry.npm.taobao.org/d3-contour/download/d3-contour-2.0.0.tgz",
      "integrity": "sha1-gO6DSYhWPjvqnZnd3nLA+MCJ6kA=",
      "requires": {
        "d3-array": "2"
      }
    },
    "d3-delaunay": {
      "version": "5.3.0",
      "resolved": "https://registry.npm.taobao.org/d3-delaunay/download/d3-delaunay-5.3.0.tgz",
      "integrity": "sha1-tH8Fw4+FSk57POqA4LsS5XOYdy0=",
      "requires": {
        "delaunator": "4"
      }
    },
    "d3-dispatch": {
      "version": "2.0.0",
      "resolved": "https://registry.npm.taobao.org/d3-dispatch/download/d3-dispatch-2.0.0.tgz",
      "integrity": "sha1-ihjhb3bdP8rvQhY8l7kmqptV588="
    },
    "d3-drag": {
      "version": "2.0.0",
      "resolved": "https://registry.npm.taobao.org/d3-drag/download/d3-drag-2.0.0.tgz",
      "integrity": "sha1-nq8EbOntHCXIhmGRHB1aTY636m0=",
      "requires": {
        "d3-dispatch": "1 - 2",
        "d3-selection": "2"
      }
    },
    "d3-dsv": {
      "version": "2.0.0",
      "resolved": "https://registry.npm.taobao.org/d3-dsv/download/d3-dsv-2.0.0.tgz",
      "integrity": "sha1-s3sZS230LaUToSDZE60b4itf58U=",
      "requires": {
        "commander": "2",
        "iconv-lite": "0.4",
        "rw": "1"
      }
    },
    "d3-ease": {
      "version": "2.0.0",
      "resolved": "https://registry.npm.taobao.org/d3-ease/download/d3-ease-2.0.0.tgz",
      "integrity": "sha1-/Rdiv8oA2uS6zqUEsdYo/ykKxWM="
    },
    "d3-fetch": {
      "version": "2.0.0",
      "resolved": "https://registry.npm.taobao.org/d3-fetch/download/d3-fetch-2.0.0.tgz?cache=0&sync_timestamp=1598198544757&other_urls=https%3A%2F%2Fregistry.npm.taobao.org%2Fd3-fetch%2Fdownload%2Fd3-fetch-2.0.0.tgz",
      "integrity": "sha1-7NfvISjZhHo7QbVI/sgJGNZFwGQ=",
      "requires": {
        "d3-dsv": "1 - 2"
      }
    },
    "d3-force": {
      "version": "2.1.1",
      "resolved": "https://registry.npm.taobao.org/d3-force/download/d3-force-2.1.1.tgz",
      "integrity": "sha1-8gzL8ebJ6ArdGSbwm1H2hqi8CTc=",
      "requires": {
        "d3-dispatch": "1 - 2",
        "d3-quadtree": "1 - 2",
        "d3-timer": "1 - 2"
      }
    },
    "d3-format": {
      "version": "2.0.0",
      "resolved": "https://registry.nlark.com/d3-format/download/d3-format-2.0.0.tgz",
      "integrity": "sha1-oQvMD5hsNytym6RHOCQTqr9bB2c="
    },
    "d3-geo": {
      "version": "2.0.1",
      "resolved": "https://registry.nlark.com/d3-geo/download/d3-geo-2.0.1.tgz",
      "integrity": "sha1-JDf9/tP+OrooEr2PMGCcrIOn7jk=",
      "requires": {
        "d3-array": ">=2.5"
      }
    },
    "d3-hierarchy": {
      "version": "2.0.0",
      "resolved": "https://registry.npm.taobao.org/d3-hierarchy/download/d3-hierarchy-2.0.0.tgz",
      "integrity": "sha1-2riKWMo+ehvGyrOQ6JZn/MbSAhg="
    },
    "d3-interpolate": {
      "version": "2.0.1",
      "resolved": "https://registry.npm.taobao.org/d3-interpolate/download/d3-interpolate-2.0.1.tgz?cache=0&sync_timestamp=1598193842038&other_urls=https%3A%2F%2Fregistry.npm.taobao.org%2Fd3-interpolate%2Fdownload%2Fd3-interpolate-2.0.1.tgz",
      "integrity": "sha1-mL5JnPuKO5TU/2FpAFAaZKvJEWM=",
      "requires": {
        "d3-color": "1 - 2"
      }
    },
    "d3-path": {
      "version": "2.0.0",
      "resolved": "https://registry.npm.taobao.org/d3-path/download/d3-path-2.0.0.tgz?cache=0&sync_timestamp=1597836666790&other_urls=https%3A%2F%2Fregistry.npm.taobao.org%2Fd3-path%2Fdownload%2Fd3-path-2.0.0.tgz",
      "integrity": "sha1-VdhqwTGgVIra4kHuv7VrRYLdCdg="
    },
    "d3-polygon": {
      "version": "2.0.0",
      "resolved": "https://registry.npm.taobao.org/d3-polygon/download/d3-polygon-2.0.0.tgz?cache=0&sync_timestamp=1597826885336&other_urls=https%3A%2F%2Fregistry.npm.taobao.org%2Fd3-polygon%2Fdownload%2Fd3-polygon-2.0.0.tgz",
      "integrity": "sha1-E2CO8EL77GJboVmDJ1ZPA8A5bY4="
    },
    "d3-quadtree": {
      "version": "2.0.0",
      "resolved": "https://registry.npm.taobao.org/d3-quadtree/download/d3-quadtree-2.0.0.tgz",
      "integrity": "sha1-7brQRc74hwH2/uOu6Ok/szLTD50="
    },
    "d3-random": {
      "version": "2.2.2",
      "resolved": "https://registry.npm.taobao.org/d3-random/download/d3-random-2.2.2.tgz",
      "integrity": "sha1-XuvSCe9ORaKzYrAZwfshwsmMu24="
    },
    "d3-scale": {
      "version": "3.3.0",
      "resolved": "https://registry.npm.taobao.org/d3-scale/download/d3-scale-3.3.0.tgz",
      "integrity": "sha1-KMYAsp9H5bnNLfl0nCBnJ5ZiA/M=",
      "requires": {
        "d3-array": "^2.3.0",
        "d3-format": "1 - 2",
        "d3-interpolate": "1.2.0 - 2",
        "d3-time": "^2.1.1",
        "d3-time-format": "2 - 3"
      }
    },
    "d3-scale-chromatic": {
      "version": "2.0.0",
      "resolved": "https://registry.npm.taobao.org/d3-scale-chromatic/download/d3-scale-chromatic-2.0.0.tgz?cache=0&sync_timestamp=1598494821845&other_urls=https%3A%2F%2Fregistry.npm.taobao.org%2Fd3-scale-chromatic%2Fdownload%2Fd3-scale-chromatic-2.0.0.tgz",
      "integrity": "sha1-wT86+GaF/5EyPcLw69Lau9cti6s=",
      "requires": {
        "d3-color": "1 - 2",
        "d3-interpolate": "1 - 2"
      }
    },
    "d3-selection": {
      "version": "2.0.0",
      "resolved": "https://registry.npm.taobao.org/d3-selection/download/d3-selection-2.0.0.tgz?cache=0&sync_timestamp=1598208513177&other_urls=https%3A%2F%2Fregistry.npm.taobao.org%2Fd3-selection%2Fdownload%2Fd3-selection-2.0.0.tgz",
      "integrity": "sha1-lKEWOOohQbdWX4g3gNq8fvamEGY="
    },
    "d3-shape": {
      "version": "2.1.0",
      "resolved": "https://registry.npm.taobao.org/d3-shape/download/d3-shape-2.1.0.tgz",
      "integrity": "sha1-O2qCzK+8Rd5VtX/PlWxYTe07Zm8=",
      "requires": {
        "d3-path": "1 - 2"
      }
    },
    "d3-time": {
      "version": "2.1.1",
      "resolved": "https://registry.npm.taobao.org/d3-time/download/d3-time-2.1.1.tgz",
      "integrity": "sha1-6dioqIaR9FSOaMoIXl/5VnJKZoI=",
      "requires": {
        "d3-array": "2"
      }
    },
    "d3-time-format": {
      "version": "3.0.0",
      "resolved": "https://registry.npm.taobao.org/d3-time-format/download/d3-time-format-3.0.0.tgz",
      "integrity": "sha1-34BWyDZZ4B8grF2l/ernwI1fG7Y=",
      "requires": {
        "d3-time": "1 - 2"
      }
    },
    "d3-timer": {
      "version": "2.0.0",
      "resolved": "https://registry.npm.taobao.org/d3-timer/download/d3-timer-2.0.0.tgz?cache=0&other_urls=https%3A%2F%2Fregistry.npm.taobao.org%2Fd3-timer%2Fdownload%2Fd3-timer-2.0.0.tgz",
      "integrity": "sha1-BV7bHRcM/jGrLaiWje7pQLVmI+Y="
    },
    "d3-transition": {
      "version": "2.0.0",
      "resolved": "https://registry.npm.taobao.org/d3-transition/download/d3-transition-2.0.0.tgz",
      "integrity": "sha1-Nm73DCLviNHjQQX1B1FpkaKRyUw=",
      "requires": {
        "d3-color": "1 - 2",
        "d3-dispatch": "1 - 2",
        "d3-ease": "1 - 2",
        "d3-interpolate": "1 - 2",
        "d3-timer": "1 - 2"
      }
    },
    "d3-zoom": {
      "version": "2.0.0",
      "resolved": "https://registry.nlark.com/d3-zoom/download/d3-zoom-2.0.0.tgz",
      "integrity": "sha1-8E0K/QVRi+zOh50EcJxH7Nk/ulQ=",
      "requires": {
        "d3-dispatch": "1 - 2",
        "d3-drag": "2",
        "d3-interpolate": "1 - 2",
        "d3-selection": "2",
        "d3-transition": "2"
      }
    },
    "delaunator": {
      "version": "4.0.1",
      "resolved": "https://registry.npm.taobao.org/delaunator/download/delaunator-4.0.1.tgz",
      "integrity": "sha1-PXeWh/V5GaekGPirlH073baEaVc="
    },
    "iconv-lite": {
      "version": "0.4.24",
      "resolved": "https://registry.nlark.com/iconv-lite/download/iconv-lite-0.4.24.tgz",
      "integrity": "sha1-ICK0sl+93CHS9SSXSkdKr+czkIs=",
      "requires": {
        "safer-buffer": ">= 2.1.2 < 3"
      }
    },
    "internmap": {
      "version": "1.0.1",
      "resolved": "https://registry.npm.taobao.org/internmap/download/internmap-1.0.1.tgz",
      "integrity": "sha1-ABfMijuZYF8DAvKxmNJy4BXl35U="
    },
    "rw": {
      "version": "1.3.3",
      "resolved": "https://registry.npm.taobao.org/rw/download/rw-1.3.3.tgz",
      "integrity": "sha1-P4Yt+pGrdmsUiF700BEkv9oHT7Q="
    },
    "safer-buffer": {
      "version": "2.1.2",
      "resolved": "https://registry.npm.taobao.org/safer-buffer/download/safer-buffer-2.1.2.tgz",
      "integrity": "sha1-RPoWGwGHuVSd2Eu5GAL5vYOFzWo="
    }
  }
}
